<?xml version="1.0" encoding="utf-8"?>
<Project ToolsVersion="4.0" xmlns="http://schemas.microsoft.com/developer/msbuild/2003">
  <ItemGroup>
    <ClCompile Include="Main.cpp" />
    <ClCompile Include="MainGame.cpp" />
    <ClCompile Include="stdafx.cpp" />
    <ClCompile Include="Materials\ColorMaterial.cpp" />
    <ClCompile Include="Materials\DiffuseMaterial.cpp" />
    <ClCompile Include="Materials\SpikeyMaterial.cpp" />
    <ClCompile Include="Materials\UberMaterial.cpp" />
    <ClCompile Include="Materials\SkinnedDiffuseMaterial.cpp" />
    <ClCompile Include="Materials\SkyBoxMaterial.cpp" />
    <ClCompile Include="Materials\Shadow\DiffuseMaterial_Shadow.cpp" />
    <ClCompile Include="Materials\Shadow\SkinnedDiffuseMaterial_Shadow.cpp" />
    <ClCompile Include="CourseObjects\Exam\CharacterController.cpp" />
    <ClCompile Include="CourseObjects\Exam\Bom.cpp" />
    <ClCompile Include="CourseObjects\Exam\TilePrefab.cpp" />
    <ClCompile Include="CourseObjects\Exam\Scenes\BomberManScene.cpp" />
    <ClCompile Include="CourseObjects\Exam\TimerPrefab.cpp" />
    <ClCompile Include="CourseObjects\Exam\ParticlePrefab.cpp" />
    <ClCompile Include="CourseObjects\Exam\PowerUpPrefab.cpp" />
    <ClCompile Include="CourseObjects\Exam\CountDownPrefab.cpp" />
    <ClCompile Include="CourseObjects\Exam\PowerUpUI.cpp" />
    <ClCompile Include="CourseObjects\Exam\Scenes\BomberManMainMenu.cpp" />
    <ClCompile Include="CourseObjects\Exam\Scenes\BomberManOptions.cpp" />
    <ClCompile Include="CourseObjects\Exam\Scenes\BomberManInGamePauseMenu.cpp" />
    <ClCompile Include="CourseObjects\Exam\Scenes\BomberManGameOver.cpp" />
    <ClCompile Include="CourseObjects\Exam\SoundStream.cpp" />
    <ClCompile Include="CourseObjects\Exam\SoundEffect.cpp" />
    <ClCompile Include="CourseObjects\Exam\Scenes\BomberManSettings.cpp" />
    <ClCompile Include="CourseObjects\Exam\PostProcessing\PostColorBalance.cpp" />
  </ItemGroup>
  <ItemGroup>
    <ClInclude Include="MainGame.h" />
    <ClInclude Include="stdafx.h" />
    <ClInclude Include="Materials\ColorMaterial.h" />
    <ClInclude Include="Materials\DiffuseMaterial.h" />
    <ClInclude Include="Materials\SpikeyMaterial.h" />
    <ClInclude Include="Materials\UberMaterial.h" />
    <ClInclude Include="Materials\SkinnedDiffuseMaterial.h" />
    <ClInclude Include="Materials\SkyBoxMaterial.h" />
    <ClInclude Include="Materials\Shadow\DiffuseMaterial_Shadow.h" />
    <ClInclude Include="Materials\Shadow\SkinnedDiffuseMaterial_Shadow.h" />
    <ClInclude Include="CourseObjects\Exam\BomberManStructs.h" />
    <ClInclude Include="CourseObjects\Exam\CharacterController.h" />
    <ClInclude Include="CourseObjects\Exam\Pmath.h" />
    <ClInclude Include="CourseObjects\Exam\Bom.h" />
    <ClInclude Include="CourseObjects\Exam\TilePrefab.h" />
    <ClInclude Include="CourseObjects\Exam\Scenes\BomberManMainMenu.h" />
    <ClInclude Include="CourseObjects\Exam\Scenes\BomberManScene.h" />
    <ClInclude Include="CourseObjects\Exam\TimerPrefab.h" />
    <ClInclude Include="CourseObjects\Exam\ParticlePrefab.h" />
    <ClInclude Include="CourseObjects\Exam\PowerUpPrefab.h" />
    <ClInclude Include="CourseObjects\Exam\CountDownPrefab.h" />
    <ClInclude Include="CourseObjects\Exam\PowerUpUI.h" />
    <ClInclude Include="CourseObjects\Exam\Scenes\BomberManOptions.h" />
    <ClInclude Include="CourseObjects\Exam\Scenes\BomberManInGamePauseMenu.h" />
    <ClInclude Include="CourseObjects\Exam\Scenes\BomberManGameOver.h" />
    <ClInclude Include="CourseObjects\Exam\SoundStream.h" />
    <ClInclude Include="CourseObjects\Exam\SoundEffect.h" />
    <ClInclude Include="CourseObjects\Exam\Scenes\BomberManSettings.h" />
    <ClInclude Include="CourseObjects\Exam\PostProcessing\PostColorBalance.h" />
  </ItemGroup>
</Project>